
Microsoft Visual Studio Solution File, Format Version 12.00
# Visual Studio 15
VisualStudioVersion = 15.0.28307.779
MinimumVisualStudioVersion = 10.0.40219.1
Project("{FAE04EC0-301F-11D3-BF4B-00C04F79EFBC}") = "ParallaxStarter", "ParallaxStarter\ParallaxStarter.csproj", "{35C45486-0136-48EF-8B76-F124DE608DC4}"
EndProject
Project("{2150E333-8FDC-42A3-9474-1A3956D46DE8}") = "Solution Items", "Solution Items", "{888D1294-461B-4AD4-9643-5F5A8A7D7B75}"
EndProject
Global
	GlobalSection(SolutionConfigurationPlatforms) = preSolution
		Debug|x86 = Debug|x86
		Release|x86 = Release|x86
	EndGlobalSection
	GlobalSection(ProjectConfigurationPlatforms) = postSolution
		{35C45486-0136-48EF-8B76-F124DE608DC4}.Debug|x86.ActiveCfg = Debug|x86
		{35C45486-0136-48EF-8B76-F124DE608DC4}.Debug|x86.Build.0 = Debug|x86
		{35C45486-0136-48EF-8B76-F124DE608DC4}.Release|x86.ActiveCfg = Release|x86
		{35C45486-0136-48EF-8B76-F124DE608DC4}.Release|x86.Build.0 = Release|x86
	EndGlobalSection
	GlobalSection(SolutionProperties) = preSolution
		HideSolutionNode = FALSE
	EndGlobalSection
	GlobalSection(ExtensibilityGlobals) = postSolution
		SolutionGuid = {9003CD19-A918-41E2-ADD2-E1001DF28355}
	EndGlobalSection
EndGlobal
